<Solution>
  <Project Path="MiniInventory.API/MiniInventory.API.csproj" />
  <Project Path="MiniInventory.Application/MiniInventory.Application.csproj" />
  <Project Path="MiniInventory.Domain/MiniInventory.Domain.csproj" />
  <Project Path="MiniInventory.Infrastructure/MiniInventory.Infrastructure.csproj" />
  <Project Path="MiniInventory.Shared/MiniInventory.Shared.csproj" />
</Solution>
